
Microsoft Visual Studio Solution File, Format Version 12.00
# Visual Studio 2013
VisualStudioVersion = 12.0.31101.0
MinimumVisualStudioVersion = 10.0.40219.1
Project("{8BC9CEB8-8B4A-11D0-8D11-00A0C91BC942}") = "scriptSpeed", "scriptSpeed\scriptSpeed.vcxproj", "{4FF94194-C823-4D7A-B36B-29C28BBE2163}"
EndProject
Project("{FAE04EC0-301F-11D3-BF4B-00C04F79EFBC}") = "CSCompiler", "CSCompiler\CSCompiler.csproj", "{5B92C8FD-DAEC-4C0F-902E-EB4CC4E8BF39}"
EndProject
Global
	GlobalSection(SolutionConfigurationPlatforms) = preSolution
		Debug|Any CPU = Debug|Any CPU
		Debug|Mixed Platforms = Debug|Mixed Platforms
		Debug|Win32 = Debug|Win32
		Debug|x64 = Debug|x64
		Release|Any CPU = Release|Any CPU
		Release|Mixed Platforms = Release|Mixed Platforms
		Release|Win32 = Release|Win32
		Release|x64 = Release|x64
	EndGlobalSection
	GlobalSection(ProjectConfigurationPlatforms) = postSolution
		{4FF94194-C823-4D7A-B36B-29C28BBE2163}.Debug|Any CPU.ActiveCfg = Debug|Win32
		{4FF94194-C823-4D7A-B36B-29C28BBE2163}.Debug|Mixed Platforms.ActiveCfg = Debug|Win32
		{4FF94194-C823-4D7A-B36B-29C28BBE2163}.Debug|Mixed Platforms.Build.0 = Debug|Win32
		{4FF94194-C823-4D7A-B36B-29C28BBE2163}.Debug|Win32.ActiveCfg = Debug|Win32
		{4FF94194-C823-4D7A-B36B-29C28BBE2163}.Debug|Win32.Build.0 = Debug|Win32
		{4FF94194-C823-4D7A-B36B-29C28BBE2163}.Debug|x64.ActiveCfg = Debug|x64
		{4FF94194-C823-4D7A-B36B-29C28BBE2163}.Debug|x64.Build.0 = Debug|x64
		{4FF94194-C823-4D7A-B36B-29C28BBE2163}.Release|Any CPU.ActiveCfg = Release|Win32
		{4FF94194-C823-4D7A-B36B-29C28BBE2163}.Release|Mixed Platforms.ActiveCfg = Release|Win32
		{4FF94194-C823-4D7A-B36B-29C28BBE2163}.Release|Mixed Platforms.Build.0 = Release|Win32
		{4FF94194-C823-4D7A-B36B-29C28BBE2163}.Release|Win32.ActiveCfg = Release|Win32
		{4FF94194-C823-4D7A-B36B-29C28BBE2163}.Release|Win32.Build.0 = Release|Win32
		{4FF94194-C823-4D7A-B36B-29C28BBE2163}.Release|x64.ActiveCfg = Release|x64
		{4FF94194-C823-4D7A-B36B-29C28BBE2163}.Release|x64.Build.0 = Release|x64
		{5B92C8FD-DAEC-4C0F-902E-EB4CC4E8BF39}.Debug|Any CPU.ActiveCfg = Debug|Any CPU
		{5B92C8FD-DAEC-4C0F-902E-EB4CC4E8BF39}.Debug|Any CPU.Build.0 = Debug|Any CPU
		{5B92C8FD-DAEC-4C0F-902E-EB4CC4E8BF39}.Debug|Mixed Platforms.ActiveCfg = Debug|Any CPU
		{5B92C8FD-DAEC-4C0F-902E-EB4CC4E8BF39}.Debug|Mixed Platforms.Build.0 = Debug|Any CPU
		{5B92C8FD-DAEC-4C0F-902E-EB4CC4E8BF39}.Debug|Win32.ActiveCfg = Debug|Any CPU
		{5B92C8FD-DAEC-4C0F-902E-EB4CC4E8BF39}.Debug|x64.ActiveCfg = Debug|Any CPU
		{5B92C8FD-DAEC-4C0F-902E-EB4CC4E8BF39}.Release|Any CPU.ActiveCfg = Release|Any CPU
		{5B92C8FD-DAEC-4C0F-902E-EB4CC4E8BF39}.Release|Any CPU.Build.0 = Release|Any CPU
		{5B92C8FD-DAEC-4C0F-902E-EB4CC4E8BF39}.Release|Mixed Platforms.ActiveCfg = Release|Any CPU
		{5B92C8FD-DAEC-4C0F-902E-EB4CC4E8BF39}.Release|Mixed Platforms.Build.0 = Release|Any CPU
		{5B92C8FD-DAEC-4C0F-902E-EB4CC4E8BF39}.Release|Win32.ActiveCfg = Release|Any CPU
		{5B92C8FD-DAEC-4C0F-902E-EB4CC4E8BF39}.Release|x64.ActiveCfg = Release|Any CPU
	EndGlobalSection
	GlobalSection(SolutionProperties) = preSolution
		HideSolutionNode = FALSE
	EndGlobalSection
EndGlobal
