<?xml version="1.0" encoding="utf-8"?>
<Project ToolsVersion="4.0" xmlns="http://schemas.microsoft.com/developer/msbuild/2003">
  <ItemGroup>
    <ClCompile Include="gameScript.cpp" />
    <ClCompile Include="main.cpp" />
    <ClCompile Include="interpreter.cpp" />
    <ClCompile Include="parser\flex.cpp">
      <Filter>parser</Filter>
    </ClCompile>
    <ClCompile Include="parser.cpp" />
    <ClCompile Include="executor.cpp" />
    <ClCompile Include="parser\bison.cpp">
      <Filter>parser</Filter>
    </ClCompile>
  </ItemGroup>
  <ItemGroup>
    <ClInclude Include="ast.h" />
    <ClInclude Include="include\gameScript.h">
      <Filter>include</Filter>
    </ClInclude>
    <ClInclude Include="interpreter.h" />
    <ClInclude Include="parser.h" />
    <ClInclude Include="executor.h" />
    <ClInclude Include="parser\bison.h">
      <Filter>parser</Filter>
    </ClInclude>
    <ClInclude Include="parser\tokens.h">
      <Filter>parser</Filter>
    </ClInclude>
  </ItemGroup>
  <ItemGroup>
    <Filter Include="include">
      <UniqueIdentifier>{50ace61d-19c1-4566-bf35-bf16a0532dff}</UniqueIdentifier>
    </Filter>
    <Filter Include="parser">
      <UniqueIdentifier>{900f8ef1-b596-4088-9ef2-8a35f6f2eb8e}</UniqueIdentifier>
    </Filter>
  </ItemGroup>
  <ItemGroup>
    <Bison Include="parser\bison.y">
      <Filter>parser</Filter>
    </Bison>
  </ItemGroup>
  <ItemGroup>
    <Flex Include="parser\flex.l">
      <Filter>parser</Filter>
    </Flex>
  </ItemGroup>
</Project>